
Microsoft Visual Studio Solution File, Format Version 12.00
# Visual Studio Version 16
VisualStudioVersion = 16.0.31624.102
MinimumVisualStudioVersion = 10.0.40219.1
Project("{9A19103F-16F7-4668-BE54-9A1E7A4F7556}") = "OOP1", "OOP1\OOP1.csproj", "{F9F6E82B-E5B0-4F78-8A46-1440039FD14F}"
EndProject
Project("{9A19103F-16F7-4668-BE54-9A1E7A4F7556}") = "Koleksiyonlar", "Koleksiyonlar\Koleksiyonlar.csproj", "{AF54EABE-F3F4-4A88-90C0-E651233A32E4}"
EndProject
Project("{9A19103F-16F7-4668-BE54-9A1E7A4F7556}") = "GenericsIntro", "GenericsIntro\GenericsIntro.csproj", "{5CCB77CB-25A2-4354-BF0B-FC4462A93CAE}"
EndProject
Project("{FAE04EC0-301F-11D3-BF4B-00C04F79EFBC}") = "OOP2", "OOP2\OOP2.csproj", "{E4F40AB8-AB9A-42C7-B4E8-E48AE6D15F0C}"
EndProject
Project("{FAE04EC0-301F-11D3-BF4B-00C04F79EFBC}") = "HomeworkFiveForForthDay", "HomeworkFiveForForthDay\HomeworkFiveForForthDay.csproj", "{261DF42D-1212-4A94-90B0-CEBD596C0451}"
EndProject
Global
	GlobalSection(SolutionConfigurationPlatforms) = preSolution
		Debug|Any CPU = Debug|Any CPU
		Release|Any CPU = Release|Any CPU
	EndGlobalSection
	GlobalSection(ProjectConfigurationPlatforms) = postSolution
		{F9F6E82B-E5B0-4F78-8A46-1440039FD14F}.Debug|Any CPU.ActiveCfg = Debug|Any CPU
		{F9F6E82B-E5B0-4F78-8A46-1440039FD14F}.Debug|Any CPU.Build.0 = Debug|Any CPU
		{F9F6E82B-E5B0-4F78-8A46-1440039FD14F}.Release|Any CPU.ActiveCfg = Release|Any CPU
		{F9F6E82B-E5B0-4F78-8A46-1440039FD14F}.Release|Any CPU.Build.0 = Release|Any CPU
		{AF54EABE-F3F4-4A88-90C0-E651233A32E4}.Debug|Any CPU.ActiveCfg = Debug|Any CPU
		{AF54EABE-F3F4-4A88-90C0-E651233A32E4}.Debug|Any CPU.Build.0 = Debug|Any CPU
		{AF54EABE-F3F4-4A88-90C0-E651233A32E4}.Release|Any CPU.ActiveCfg = Release|Any CPU
		{AF54EABE-F3F4-4A88-90C0-E651233A32E4}.Release|Any CPU.Build.0 = Release|Any CPU
		{5CCB77CB-25A2-4354-BF0B-FC4462A93CAE}.Debug|Any CPU.ActiveCfg = Debug|Any CPU
		{5CCB77CB-25A2-4354-BF0B-FC4462A93CAE}.Debug|Any CPU.Build.0 = Debug|Any CPU
		{5CCB77CB-25A2-4354-BF0B-FC4462A93CAE}.Release|Any CPU.ActiveCfg = Release|Any CPU
		{5CCB77CB-25A2-4354-BF0B-FC4462A93CAE}.Release|Any CPU.Build.0 = Release|Any CPU
		{E4F40AB8-AB9A-42C7-B4E8-E48AE6D15F0C}.Debug|Any CPU.ActiveCfg = Debug|Any CPU
		{E4F40AB8-AB9A-42C7-B4E8-E48AE6D15F0C}.Debug|Any CPU.Build.0 = Debug|Any CPU
		{E4F40AB8-AB9A-42C7-B4E8-E48AE6D15F0C}.Release|Any CPU.ActiveCfg = Release|Any CPU
		{E4F40AB8-AB9A-42C7-B4E8-E48AE6D15F0C}.Release|Any CPU.Build.0 = Release|Any CPU
		{261DF42D-1212-4A94-90B0-CEBD596C0451}.Debug|Any CPU.ActiveCfg = Debug|Any CPU
		{261DF42D-1212-4A94-90B0-CEBD596C0451}.Debug|Any CPU.Build.0 = Debug|Any CPU
		{261DF42D-1212-4A94-90B0-CEBD596C0451}.Release|Any CPU.ActiveCfg = Release|Any CPU
		{261DF42D-1212-4A94-90B0-CEBD596C0451}.Release|Any CPU.Build.0 = Release|Any CPU
	EndGlobalSection
	GlobalSection(SolutionProperties) = preSolution
		HideSolutionNode = FALSE
	EndGlobalSection
	GlobalSection(ExtensibilityGlobals) = postSolution
		SolutionGuid = {24C97E8A-8731-44DA-A606-088C3C79D1F3}
	EndGlobalSection
EndGlobal
